
Microsoft Visual Studio Solution File, Format Version 12.00
# Visual Studio Version 17
VisualStudioVersion = 17.9.34607.119
MinimumVisualStudioVersion = 10.0.40219.1
Project("{9A19103F-16F7-4668-BE54-9A1E7A4F7556}") = "Deliverys.Module", "Deliverys.Module\Deliverys.Module.csproj", "{6580E249-0AB1-4330-948B-5B19E2CAF741}"
EndProject
Project("{9A19103F-16F7-4668-BE54-9A1E7A4F7556}") = "Deliverys.Blazor.Server", "Deliverys.Blazor.Server\Deliverys.Blazor.Server.csproj", "{BD49DA31-9B9D-459C-9D40-C21AA02527FF}"
EndProject
Global
	GlobalSection(SolutionConfigurationPlatforms) = preSolution
		Debug|Any CPU = Debug|Any CPU
		EasyTest|Any CPU = EasyTest|Any CPU
		Release|Any CPU = Release|Any CPU
	EndGlobalSection
	GlobalSection(ProjectConfigurationPlatforms) = postSolution
		{6580E249-0AB1-4330-948B-5B19E2CAF741}.Debug|Any CPU.ActiveCfg = Debug|Any CPU
		{6580E249-0AB1-4330-948B-5B19E2CAF741}.Debug|Any CPU.Build.0 = Debug|Any CPU
		{6580E249-0AB1-4330-948B-5B19E2CAF741}.EasyTest|Any CPU.ActiveCfg = EasyTest|Any CPU
		{6580E249-0AB1-4330-948B-5B19E2CAF741}.EasyTest|Any CPU.Build.0 = EasyTest|Any CPU
		{6580E249-0AB1-4330-948B-5B19E2CAF741}.Release|Any CPU.ActiveCfg = Release|Any CPU
		{6580E249-0AB1-4330-948B-5B19E2CAF741}.Release|Any CPU.Build.0 = Release|Any CPU
		{BD49DA31-9B9D-459C-9D40-C21AA02527FF}.Debug|Any CPU.ActiveCfg = Debug|Any CPU
		{BD49DA31-9B9D-459C-9D40-C21AA02527FF}.Debug|Any CPU.Build.0 = Debug|Any CPU
		{BD49DA31-9B9D-459C-9D40-C21AA02527FF}.EasyTest|Any CPU.ActiveCfg = EasyTest|Any CPU
		{BD49DA31-9B9D-459C-9D40-C21AA02527FF}.EasyTest|Any CPU.Build.0 = EasyTest|Any CPU
		{BD49DA31-9B9D-459C-9D40-C21AA02527FF}.Release|Any CPU.ActiveCfg = Release|Any CPU
		{BD49DA31-9B9D-459C-9D40-C21AA02527FF}.Release|Any CPU.Build.0 = Release|Any CPU
	EndGlobalSection
	GlobalSection(SolutionProperties) = preSolution
		HideSolutionNode = FALSE
	EndGlobalSection
EndGlobal
